// !$*UTF8*$!
{
	archiveVersion = 1;
	classes = {
	};
	objectVersion = 46;
	objects = {

/* Begin PBXBuildFile section */
		6EF5626871A335D519B6F258 /* libPods-BannerViewDemo.a in Frameworks */ = {isa = PBXBuildFile; fileRef = 5CB3D1839E58B503AF235C6C /* libPods-BannerViewDemo.a */; };
		843A598C1ED01BF800A99CAF /* JDBannerImageView.m in Sources */ = {isa = PBXBuildFile; fileRef = 843A59891ED01BF800A99CAF /* JDBannerImageView.m */; };
		843A59901ED0222B00A99CAF /* JDBannerView.m in Sources */ = {isa = PBXBuildFile; fileRef = 843A598F1ED0222B00A99CAF /* JDBannerView.m */; };
		D249C99E1D4367C8008153D8 /* main.m in Sources */ = {isa = PBXBuildFile; fileRef = D249C99D1D4367C8008153D8 /* main.m */; };
		D249C9A11D4367C8008153D8 /* AppDelegate.m in Sources */ = {isa = PBXBuildFile; fileRef = D249C9A01D4367C8008153D8 /* AppDelegate.m */; };
		D249C9A91D4367C8008153D8 /* Assets.xcassets in Resources */ = {isa = PBXBuildFile; fileRef = D249C9A81D4367C8008153D8 /* Assets.xcassets */; };
		D249C9AC1D4367C8008153D8 /* LaunchScreen.storyboard in Resources */ = {isa = PBXBuildFile; fileRef = D249C9AA1D4367C8008153D8 /* LaunchScreen.storyboard */; };
		D249C9B61D436F88008153D8 /* ViewController.m in Sources */ = {isa = PBXBuildFile; fileRef = D249C9B41D436F88008153D8 /* ViewController.m */; };
/* End PBXBuildFile section */

/* Begin PBXFileReference section */
		5CB3D1839E58B503AF235C6C /* libPods-BannerViewDemo.a */ = {isa = PBXFileReference; explicitFileType = archive.ar; includeInIndex = 0; path = "libPods-BannerViewDemo.a"; sourceTree = BUILT_PRODUCTS_DIR; };
		69F107CEFF580EA790AA10CB /* Pods-BannerViewDemo.debug.xcconfig */ = {isa = PBXFileReference; includeInIndex = 1; lastKnownFileType = text.xcconfig; name = "Pods-BannerViewDemo.debug.xcconfig"; path = "Pods/Target Support Files/Pods-BannerViewDemo/Pods-BannerViewDemo.debug.xcconfig"; sourceTree = "<group>"; };
		843A59881ED01BF800A99CAF /* JDBannerImageView.h */ = {isa = PBXFileReference; fileEncoding = 4; lastKnownFileType = sourcecode.c.h; path = JDBannerImageView.h; sourceTree = "<group>"; };
		843A59891ED01BF800A99CAF /* JDBannerImageView.m */ = {isa = PBXFileReference; fileEncoding = 4; lastKnownFileType = sourcecode.c.objc; path = JDBannerImageView.m; sourceTree = "<group>"; };
		843A598E1ED0222B00A99CAF /* JDBannerView.h */ = {isa = PBXFileReference; fileEncoding = 4; lastKnownFileType = sourcecode.c.h; path = JDBannerView.h; sourceTree = "<group>"; };
		843A598F1ED0222B00A99CAF /* JDBannerView.m */ = {isa = PBXFileReference; fileEncoding = 4; lastKnownFileType = sourcecode.c.objc; path = JDBannerView.m; sourceTree = "<group>"; };
		86F45095677F32B86A915BA4 /* Pods-BannerViewDemo.release.xcconfig */ = {isa = PBXFileReference; includeInIndex = 1; lastKnownFileType = text.xcconfig; name = "Pods-BannerViewDemo.release.xcconfig"; path = "Pods/Target Support Files/Pods-BannerViewDemo/Pods-BannerViewDemo.release.xcconfig"; sourceTree = "<group>"; };
		D249C9991D4367C8008153D8 /* BannerViewDemo.app */ = {isa = PBXFileReference; explicitFileType = wrapper.application; includeInIndex = 0; path = BannerViewDemo.app; sourceTree = BUILT_PRODUCTS_DIR; };
		D249C99D1D4367C8008153D8 /* main.m */ = {isa = PBXFileReference; lastKnownFileType = sourcecode.c.objc; path = main.m; sourceTree = "<group>"; };
		D249C99F1D4367C8008153D8 /* AppDelegate.h */ = {isa = PBXFileReference; lastKnownFileType = sourcecode.c.h; path = AppDelegate.h; sourceTree = "<group>"; };
		D249C9A01D4367C8008153D8 /* AppDelegate.m */ = {isa = PBXFileReference; lastKnownFileType = sourcecode.c.objc; path = AppDelegate.m; sourceTree = "<group>"; };
		D249C9A81D4367C8008153D8 /* Assets.xcassets */ = {isa = PBXFileReference; lastKnownFileType = folder.assetcatalog; path = Assets.xcassets; sourceTree = "<group>"; };
		D249C9AB1D4367C8008153D8 /* Base */ = {isa = PBXFileReference; lastKnownFileType = file.storyboard; name = Base; path = Base.lproj/LaunchScreen.storyboard; sourceTree = "<group>"; };
		D249C9AD1D4367C8008153D8 /* Info.plist */ = {isa = PBXFileReference; lastKnownFileType = text.plist.xml; path = Info.plist; sourceTree = "<group>"; };
		D249C9B31D436F88008153D8 /* ViewController.h */ = {isa = PBXFileReference; fileEncoding = 4; lastKnownFileType = sourcecode.c.h; path = ViewController.h; sourceTree = "<group>"; };
		D249C9B41D436F88008153D8 /* ViewController.m */ = {isa = PBXFileReference; fileEncoding = 4; lastKnownFileType = sourcecode.c.objc; path = ViewController.m; sourceTree = "<group>"; };
/* End PBXFileReference section */

/* Begin PBXFrameworksBuildPhase section */
		D249C9961D4367C8008153D8 /* Frameworks */ = {
			isa = PBXFrameworksBuildPhase;
			buildActionMask = 2147483647;
			files = (
				6EF5626871A335D519B6F258 /* libPods-BannerViewDemo.a in Frameworks */,
			);
			runOnlyForDeploymentPostprocessing = 0;
		};
/* End PBXFrameworksBuildPhase section */

/* Begin PBXGroup section */
		4D2B2E66B043C8BDFF7A5218 /* Frameworks */ = {
			isa = PBXGroup;
			children = (
				5CB3D1839E58B503AF235C6C /* libPods-BannerViewDemo.a */,
			);
			name = Frameworks;
			sourceTree = "<group>";
		};
		843A59871ED01BF800A99CAF /* JDBannerView */ = {
			isa = PBXGroup;
			children = (
				843A59881ED01BF800A99CAF /* JDBannerImageView.h */,
				843A59891ED01BF800A99CAF /* JDBannerImageView.m */,
				843A598E1ED0222B00A99CAF /* JDBannerView.h */,
				843A598F1ED0222B00A99CAF /* JDBannerView.m */,
			);
			path = JDBannerView;
			sourceTree = SOURCE_ROOT;
		};
		ACC9687EB6F48398D671F5FD /* Pods */ = {
			isa = PBXGroup;
			children = (
				69F107CEFF580EA790AA10CB /* Pods-BannerViewDemo.debug.xcconfig */,
				86F45095677F32B86A915BA4 /* Pods-BannerViewDemo.release.xcconfig */,
			);
			name = Pods;
			sourceTree = "<group>";
		};
		D249C9901D4367C8008153D8 = {
			isa = PBXGroup;
			children = (
				D249C99B1D4367C8008153D8 /* BannerViewDemo */,
				D249C99A1D4367C8008153D8 /* Products */,
				ACC9687EB6F48398D671F5FD /* Pods */,
				4D2B2E66B043C8BDFF7A5218 /* Frameworks */,
			);
			sourceTree = "<group>";
		};
		D249C99A1D4367C8008153D8 /* Products */ = {
			isa = PBXGroup;
			children = (
				D249C9991D4367C8008153D8 /* BannerViewDemo.app */,
			);
			name = Products;
			sourceTree = "<group>";
		};
		D249C99B1D4367C8008153D8 /* BannerViewDemo */ = {
			isa = PBXGroup;
			children = (
				843A59871ED01BF800A99CAF /* JDBannerView */,
				D249C99F1D4367C8008153D8 /* AppDelegate.h */,
				D249C9A01D4367C8008153D8 /* AppDelegate.m */,
				D249C9B31D436F88008153D8 /* ViewController.h */,
				D249C9B41D436F88008153D8 /* ViewController.m */,
				D249C9A81D4367C8008153D8 /* Assets.xcassets */,
				D249C9AA1D4367C8008153D8 /* LaunchScreen.storyboard */,
				D249C9AD1D4367C8008153D8 /* Info.plist */,
				D249C99C1D4367C8008153D8 /* Supporting Files */,
			);
			path = BannerViewDemo;
			sourceTree = "<group>";
		};
		D249C99C1D4367C8008153D8 /* Supporting Files */ = {
			isa = PBXGroup;
			children = (
				D249C99D1D4367C8008153D8 /* main.m */,
			);
			name = "Supporting Files";
			sourceTree = "<group>";
		};
/* End PBXGroup section */

/* Begin PBXNativeTarget section */
		D249C9981D4367C8008153D8 /* BannerViewDemo */ = {
			isa = PBXNativeTarget;
			buildConfigurationList = D249C9B01D4367C8008153D8 /* Build configuration list for PBXNativeTarget "BannerViewDemo" */;
			buildPhases = (
				44A32BC593278A524DE69CCC /* [CP] Check Pods Manifest.lock */,
				D249C9951D4367C8008153D8 /* Sources */,
				D249C9961D4367C8008153D8 /* Frameworks */,
				D249C9971D4367C8008153D8 /* Resources */,
				86DB149F3F0548D8FB689A0C /* [CP] Embed Pods Frameworks */,
				78CD4F90E93BEA6000F3A781 /* [CP] Copy Pods Resources */,
			);
			buildRules = (
			);
			dependencies = (
			);
			name = BannerViewDemo;
			productName = JDAdView;
			productReference = D249C9991D4367C8008153D8 /* BannerViewDemo.app */;
			productType = "com.apple.product-type.application";
		};
/* End PBXNativeTarget section */

/* Begin PBXProject section */
		D249C9911D4367C8008153D8 /* Project object */ = {
			isa = PBXProject;
			attributes = {
				LastUpgradeCheck = 0710;
				ORGANIZATIONNAME = JADON;
				TargetAttributes = {
					D249C9981D4367C8008153D8 = {
						CreatedOnToolsVersion = 7.1;
					};
				};
			};
			buildConfigurationList = D249C9941D4367C8008153D8 /* Build configuration list for PBXProject "BannerViewDemo" */;
			compatibilityVersion = "Xcode 3.2";
			developmentRegion = English;
			hasScannedForEncodings = 0;
			knownRegions = (
				en,
				Base,
			);
			mainGroup = D249C9901D4367C8008153D8;
			productRefGroup = D249C99A1D4367C8008153D8 /* Products */;
			projectDirPath = "";
			projectRoot = "";
			targets = (
				D249C9981D4367C8008153D8 /* BannerViewDemo */,
			);
		};
/* End PBXProject section */

/* Begin PBXResourcesBuildPhase section */
		D249C9971D4367C8008153D8 /* Resources */ = {
			isa = PBXResourcesBuildPhase;
			buildActionMask = 2147483647;
			files = (
				D249C9AC1D4367C8008153D8 /* LaunchScreen.storyboard in Resources */,
				D249C9A91D4367C8008153D8 /* Assets.xcassets in Resources */,
			);
			runOnlyForDeploymentPostprocessing = 0;
		};
/* End PBXResourcesBuildPhase section */

/* Begin PBXShellScriptBuildPhase section */
		44A32BC593278A524DE69CCC /* [CP] Check Pods Manifest.lock */ = {
			isa = PBXShellScriptBuildPhase;
			buildActionMask = 2147483647;
			files = (
			);
			inputPaths = (
			);
			name = "[CP] Check Pods Manifest.lock";
			outputPaths = (
			);
			runOnlyForDeploymentPostprocessing = 0;
			shellPath = /bin/sh;
			shellScript = "diff \"${PODS_PODFILE_DIR_PATH}/Podfile.lock\" \"${PODS_ROOT}/Manifest.lock\" > /dev/null\nif [ $? != 0 ] ; then\n    # print error to STDERR\n    echo \"error: The sandbox is not in sync with the Podfile.lock. Run 'pod install' or update your CocoaPods installation.\" >&2\n    exit 1\nfi\n";
			showEnvVarsInLog = 0;
		};
		78CD4F90E93BEA6000F3A781 /* [CP] Copy Pods Resources */ = {
			isa = PBXShellScriptBuildPhase;
			buildActionMask = 2147483647;
			files = (
			);
			inputPaths = (
			);
			name = "[CP] Copy Pods Resources";
			outputPaths = (
			);
			runOnlyForDeploymentPostprocessing = 0;
			shellPath = /bin/sh;
			shellScript = "\"${SRCROOT}/Pods/Target Support Files/Pods-BannerViewDemo/Pods-BannerViewDemo-resources.sh\"\n";
			showEnvVarsInLog = 0;
		};
		86DB149F3F0548D8FB689A0C /* [CP] Embed Pods Frameworks */ = {
			isa = PBXShellScriptBuildPhase;
			buildActionMask = 2147483647;
			files = (
			);
			inputPaths = (
			);
			name = "[CP] Embed Pods Frameworks";
			outputPaths = (
			);
			runOnlyForDeploymentPostprocessing = 0;
			shellPath = /bin/sh;
			shellScript = "\"${SRCROOT}/Pods/Target Support Files/Pods-BannerViewDemo/Pods-BannerViewDemo-frameworks.sh\"\n";
			showEnvVarsInLog = 0;
		};
/* End PBXShellScriptBuildPhase section */

/* Begin PBXSourcesBuildPhase section */
		D249C9951D4367C8008153D8 /* Sources */ = {
			isa = PBXSourcesBuildPhase;
			buildActionMask = 2147483647;
			files = (
				843A598C1ED01BF800A99CAF /* JDBannerImageView.m in Sources */,
				D249C9A11D4367C8008153D8 /* AppDelegate.m in Sources */,
				D249C9B61D436F88008153D8 /* ViewController.m in Sources */,
				843A59901ED0222B00A99CAF /* JDBannerView.m in Sources */,
				D249C99E1D4367C8008153D8 /* main.m in Sources */,
			);
			runOnlyForDeploymentPostprocessing = 0;
		};
/* End PBXSourcesBuildPhase section */

/* Begin PBXVariantGroup section */
		D249C9AA1D4367C8008153D8 /* LaunchScreen.storyboard */ = {
			isa = PBXVariantGroup;
			children = (
				D249C9AB1D4367C8008153D8 /* Base */,
			);
			name = LaunchScreen.storyboard;
			sourceTree = "<group>";
		};
/* End PBXVariantGroup section */

/* Begin XCBuildConfiguration section */
		D249C9AE1D4367C8008153D8 /* Debug */ = {
			isa = XCBuildConfiguration;
			buildSettings = {
				ALWAYS_SEARCH_USER_PATHS = NO;
				CLANG_CXX_LANGUAGE_STANDARD = "gnu++0x";
				CLANG_CXX_LIBRARY = "libc++";
				CLANG_ENABLE_MODULES = YES;
				CLANG_ENABLE_OBJC_ARC = YES;
				CLANG_WARN_BOOL_CONVERSION = YES;
				CLANG_WARN_CONSTANT_CONVERSION = YES;
				CLANG_WARN_DIRECT_OBJC_ISA_USAGE = YES_ERROR;
				CLANG_WARN_EMPTY_BODY = YES;
				CLANG_WARN_ENUM_CONVERSION = YES;
				CLANG_WARN_INT_CONVERSION = YES;
				CLANG_WARN_OBJC_ROOT_CLASS = YES_ERROR;
				CLANG_WARN_UNREACHABLE_CODE = YES;
				CLANG_WARN__DUPLICATE_METHOD_MATCH = YES;
				"CODE_SIGN_IDENTITY[sdk=iphoneos*]" = "iPhone Developer";
				COPY_PHASE_STRIP = NO;
				DEBUG_INFORMATION_FORMAT = dwarf;
				ENABLE_STRICT_OBJC_MSGSEND = YES;
				ENABLE_TESTABILITY = YES;
				GCC_C_LANGUAGE_STANDARD = gnu99;
				GCC_DYNAMIC_NO_PIC = NO;
				GCC_NO_COMMON_BLOCKS = YES;
				GCC_OPTIMIZATION_LEVEL = 0;
				GCC_PREPROCESSOR_DEFINITIONS = (
					"DEBUG=1",
					"$(inherited)",
				);
				GCC_WARN_64_TO_32_BIT_CONVERSION = YES;
				GCC_WARN_ABOUT_RETURN_TYPE = YES_ERROR;
				GCC_WARN_UNDECLARED_SELECTOR = YES;
				GCC_WARN_UNINITIALIZED_AUTOS = YES_AGGRESSIVE;
				GCC_WARN_UNUSED_FUNCTION = YES;
				GCC_WARN_UNUSED_VARIABLE = YES;
				IPHONEOS_DEPLOYMENT_TARGET = 9.1;
				MTL_ENABLE_DEBUG_INFO = YES;
				ONLY_ACTIVE_ARCH = YES;
				SDKROOT = iphoneos;
			};
			name = Debug;
		};
		D249C9AF1D4367C8008153D8 /* Release */ = {
			isa = XCBuildConfiguration;
			buildSettings = {
				ALWAYS_SEARCH_USER_PATHS = NO;
				CLANG_CXX_LANGUAGE_STANDARD = "gnu++0x";
				CLANG_CXX_LIBRARY = "libc++";
				CLANG_ENABLE_MODULES = YES;
				CLANG_ENABLE_OBJC_ARC = YES;
				CLANG_WARN_BOOL_CONVERSION = YES;
				CLANG_WARN_CONSTANT_CONVERSION = YES;
				CLANG_WARN_DIRECT_OBJC_ISA_USAGE = YES_ERROR;
				CLANG_WARN_EMPTY_BODY = YES;
				CLANG_WARN_ENUM_CONVERSION = YES;
				CLANG_WARN_INT_CONVERSION = YES;
				CLANG_WARN_OBJC_ROOT_CLASS = YES_ERROR;
				CLANG_WARN_UNREACHABLE_CODE = YES;
				CLANG_WARN__DUPLICATE_METHOD_MATCH = YES;
				"CODE_SIGN_IDENTITY[sdk=iphoneos*]" = "iPhone Developer";
				COPY_PHASE_STRIP = NO;
				DEBUG_INFORMATION_FORMAT = "dwarf-with-dsym";
				ENABLE_NS_ASSERTIONS = NO;
				ENABLE_STRICT_OBJC_MSGSEND = YES;
				GCC_C_LANGUAGE_STANDARD = gnu99;
				GCC_NO_COMMON_BLOCKS = YES;
				GCC_WARN_64_TO_32_BIT_CONVERSION = YES;
				GCC_WARN_ABOUT_RETURN_TYPE = YES_ERROR;
				GCC_WARN_UNDECLARED_SELECTOR = YES;
				GCC_WARN_UNINITIALIZED_AUTOS = YES_AGGRESSIVE;
				GCC_WARN_UNUSED_FUNCTION = YES;
				GCC_WARN_UNUSED_VARIABLE = YES;
				IPHONEOS_DEPLOYMENT_TARGET = 9.1;
				MTL_ENABLE_DEBUG_INFO = NO;
				SDKROOT = iphoneos;
				VALIDATE_PRODUCT = YES;
			};
			name = Release;
		};
		D249C9B11D4367C8008153D8 /* Debug */ = {
			isa = XCBuildConfiguration;
			baseConfigurationReference = 69F107CEFF580EA790AA10CB /* Pods-BannerViewDemo.debug.xcconfig */;
			buildSettings = {
				ASSETCATALOG_COMPILER_APPICON_NAME = AppIcon;
				INFOPLIST_FILE = "$(SRCROOT)/BannerViewDemo/Info.plist";
				LD_RUNPATH_SEARCH_PATHS = "$(inherited) @executable_path/Frameworks";
				PRODUCT_BUNDLE_IDENTIFIER = Myself.JDAdView;
				PRODUCT_NAME = "$(TARGET_NAME)";
				USER_HEADER_SEARCH_PATHS = "$(PODS_ROOT)/**";
			};
			name = Debug;
		};
		D249C9B21D4367C8008153D8 /* Release */ = {
			isa = XCBuildConfiguration;
			baseConfigurationReference = 86F45095677F32B86A915BA4 /* Pods-BannerViewDemo.release.xcconfig */;
			buildSettings = {
				ASSETCATALOG_COMPILER_APPICON_NAME = AppIcon;
				INFOPLIST_FILE = "$(SRCROOT)/BannerViewDemo/Info.plist";
				LD_RUNPATH_SEARCH_PATHS = "$(inherited) @executable_path/Frameworks";
				PRODUCT_BUNDLE_IDENTIFIER = Myself.JDAdView;
				PRODUCT_NAME = "$(TARGET_NAME)";
				USER_HEADER_SEARCH_PATHS = "$(PODS_ROOT)/**";
			};
			name = Release;
		};
/* End XCBuildConfiguration section */

/* Begin XCConfigurationList section */
		D249C9941D4367C8008153D8 /* Build configuration list for PBXProject "BannerViewDemo" */ = {
			isa = XCConfigurationList;
			buildConfigurations = (
				D249C9AE1D4367C8008153D8 /* Debug */,
				D249C9AF1D4367C8008153D8 /* Release */,
			);
			defaultConfigurationIsVisible = 0;
			defaultConfigurationName = Release;
		};
		D249C9B01D4367C8008153D8 /* Build configuration list for PBXNativeTarget "BannerViewDemo" */ = {
			isa = XCConfigurationList;
			buildConfigurations = (
				D249C9B11D4367C8008153D8 /* Debug */,
				D249C9B21D4367C8008153D8 /* Release */,
			);
			defaultConfigurationIsVisible = 0;
			defaultConfigurationName = Release;
		};
/* End XCConfigurationList section */
	};
	rootObject = D249C9911D4367C8008153D8 /* Project object */;
}
